<?xml version="1.0" encoding="utf-8"?>
<Project ToolsVersion="4.0" xmlns="http://schemas.microsoft.com/developer/msbuild/2003">
  <ItemGroup>
    <Filter Include="Source Files">
      <UniqueIdentifier>{4FC737F1-C7A5-4376-A066-2A32D752A2FF}</UniqueIdentifier>
      <Extensions>cpp;c;cc;cxx;def;odl;idl;hpj;bat;asm;asmx</Extensions>
    </Filter>
    <Filter Include="Header Files">
      <UniqueIdentifier>{93995380-89BD-4b04-88EB-625FBE52EBFB}</UniqueIdentifier>
      <Extensions>h;hh;hpp;hxx;hm;inl;inc;xsd</Extensions>
    </Filter>
    <Filter Include="Resource Files">
      <UniqueIdentifier>{67DA6AB6-F800-4c08-8B7A-83BB121AAD01}</UniqueIdentifier>
      <Extensions>rc;ico;cur;bmp;dlg;rc2;rct;bin;rgs;gif;jpg;jpeg;jpe;resx;tiff;tif;png;wav;mfcribbon-ms</Extensions>
    </Filter>
    <Filter Include="Header Files\core">
      <UniqueIdentifier>{ce65d4b5-323d-4ee9-acd0-109cf136c13a}</UniqueIdentifier>
    </Filter>
    <Filter Include="Header Files\magic">
      <UniqueIdentifier>{633bd70d-eb4e-4537-a939-52692f27d93c}</UniqueIdentifier>
    </Filter>
    <Filter Include="Source Files\magic">
      <UniqueIdentifier>{538f3ce3-520c-4d2a-bcc1-07946475da76}</UniqueIdentifier>
    </Filter>
    <Filter Include="Source Files\ai">
      <UniqueIdentifier>{fa7b30c2-9b89-42a9-a077-4933b7f64302}</UniqueIdentifier>
    </Filter>
  </ItemGroup>
  <ItemGroup>
    <ClCompile Include="test.cpp">
      <Filter>Source Files</Filter>
    </ClCompile>
    <ClCompile Include="convert.cpp">
      <Filter>Source Files</Filter>
    </ClCompile>
    <ClCompile Include="move.cpp">
      <Filter>Source Files</Filter>
    </ClCompile>
    <ClCompile Include="state.cpp">
      <Filter>Source Files</Filter>
    </ClCompile>
    <ClCompile Include="piece.cpp">
      <Filter>Source Files</Filter>
    </ClCompile>
    <ClCompile Include="ui.cpp">
      <Filter>Source Files</Filter>
    </ClCompile>
    <ClCompile Include="movegen.cpp">
      <Filter>Source Files</Filter>
    </ClCompile>
    <ClCompile Include="moveset.cpp">
      <Filter>Source Files</Filter>
    </ClCompile>
    <ClCompile Include="magic.cpp">
      <Filter>Source Files\magic</Filter>
    </ClCompile>
    <ClCompile Include="findmagics.cpp">
      <Filter>Source Files\magic</Filter>
    </ClCompile>
    <ClCompile Include="aiplayer.cpp">
      <Filter>Source Files\ai</Filter>
    </ClCompile>
    <ClCompile Include="stateev.cpp">
      <Filter>Source Files\ai</Filter>
    </ClCompile>
    <ClCompile Include="minmax.cpp">
      <Filter>Source Files\ai</Filter>
    </ClCompile>
    <ClCompile Include="game.cpp">
      <Filter>Source Files</Filter>
    </ClCompile>
    <ClCompile Include="player.cpp">
      <Filter>Source Files</Filter>
    </ClCompile>
    <ClCompile Include="main.cpp">
      <Filter>Source Files</Filter>
    </ClCompile>
    <ClCompile Include="alphabeta.cpp">
      <Filter>Source Files\ai</Filter>
    </ClCompile>
    <ClCompile Include="posstateev.cpp">
      <Filter>Source Files\ai</Filter>
    </ClCompile>
    <ClCompile Include="dumbai.cpp">
      <Filter>Source Files\ai</Filter>
    </ClCompile>
  </ItemGroup>
  <ItemGroup>
    <ClInclude Include="bitboardops.h">
      <Filter>Header Files\core</Filter>
    </ClInclude>
    <ClInclude Include="enums.h">
      <Filter>Header Files\core</Filter>
    </ClInclude>
    <ClInclude Include="defines.h">
      <Filter>Header Files\core</Filter>
    </ClInclude>
    <ClInclude Include="convert.h">
      <Filter>Header Files\core</Filter>
    </ClInclude>
    <ClInclude Include="statebb.h">
      <Filter>Header Files</Filter>
    </ClInclude>
    <ClInclude Include="move.h">
      <Filter>Header Files</Filter>
    </ClInclude>
    <ClInclude Include="piece.h">
      <Filter>Header Files</Filter>
    </ClInclude>
    <ClInclude Include="flagmanip.h">
      <Filter>Header Files\core</Filter>
    </ClInclude>
    <ClInclude Include="ui.h">
      <Filter>Header Files</Filter>
    </ClInclude>
    <ClInclude Include="movegen.h">
      <Filter>Header Files</Filter>
    </ClInclude>
    <ClInclude Include="magic.h">
      <Filter>Header Files\magic</Filter>
    </ClInclude>
    <ClInclude Include="game.h">
      <Filter>Header Files</Filter>
    </ClInclude>
    <ClInclude Include="player.h">
      <Filter>Header Files</Filter>
    </ClInclude>
    <ClInclude Include="algo.h">
      <Filter>Header Files</Filter>
    </ClInclude>
  </ItemGroup>
</Project>